// !$*UTF8*$!
{
	archiveVersion = 1;
	classes = {
	};
	objectVersion = 56;
	objects = {

/* Begin PBXBuildFile section */
		EE96943B29F963BB00C09160 /* DepotBrowserApp.swift in Sources */ = {isa = PBXBuildFile; fileRef = EE96943A29F963BB00C09160 /* DepotBrowserApp.swift */; };
		EE96943F29F963BC00C09160 /* Assets.xcassets in Resources */ = {isa = PBXBuildFile; fileRef = EE96943E29F963BC00C09160 /* Assets.xcassets */; };
		EE96944229F963BC00C09160 /* Preview Assets.xcassets in Resources */ = {isa = PBXBuildFile; fileRef = EE96944129F963BC00C09160 /* Preview Assets.xcassets */; };
		EE96944A29F96D9400C09160 /* ComposableArchitecture in Frameworks */ = {isa = PBXBuildFile; productRef = EE96944929F96D9400C09160 /* ComposableArchitecture */; };
		EE96944C29F96DB400C09160 /* DepotBrowser.swift in Sources */ = {isa = PBXBuildFile; fileRef = EE96944B29F96DB400C09160 /* DepotBrowser.swift */; };
		EE96944E29F97B6D00C09160 /* DepotClient.swift in Sources */ = {isa = PBXBuildFile; fileRef = EE96944D29F97B6D00C09160 /* DepotClient.swift */; };
		EE96945429F9851D00C09160 /* cat.jpeg in Resources */ = {isa = PBXBuildFile; fileRef = EE96945329F9851D00C09160 /* cat.jpeg */; };
		EE96945629FA429F00C09160 /* CredentialsScanner.swift in Sources */ = {isa = PBXBuildFile; fileRef = EE96945529FA429F00C09160 /* CredentialsScanner.swift */; };
		EE96945929FA433300C09160 /* CodeScanner in Frameworks */ = {isa = PBXBuildFile; productRef = EE96945829FA433300C09160 /* CodeScanner */; };
/* End PBXBuildFile section */

/* Begin PBXFileReference section */
		EE96943729F963BB00C09160 /* DepotBrowser.app */ = {isa = PBXFileReference; explicitFileType = wrapper.application; includeInIndex = 0; path = DepotBrowser.app; sourceTree = BUILT_PRODUCTS_DIR; };
		EE96943A29F963BB00C09160 /* DepotBrowserApp.swift */ = {isa = PBXFileReference; lastKnownFileType = sourcecode.swift; path = DepotBrowserApp.swift; sourceTree = "<group>"; };
		EE96943E29F963BC00C09160 /* Assets.xcassets */ = {isa = PBXFileReference; lastKnownFileType = folder.assetcatalog; path = Assets.xcassets; sourceTree = "<group>"; };
		EE96944129F963BC00C09160 /* Preview Assets.xcassets */ = {isa = PBXFileReference; lastKnownFileType = folder.assetcatalog; path = "Preview Assets.xcassets"; sourceTree = "<group>"; };
		EE96944B29F96DB400C09160 /* DepotBrowser.swift */ = {isa = PBXFileReference; lastKnownFileType = sourcecode.swift; path = DepotBrowser.swift; sourceTree = "<group>"; };
		EE96944D29F97B6D00C09160 /* DepotClient.swift */ = {isa = PBXFileReference; lastKnownFileType = sourcecode.swift; path = DepotClient.swift; sourceTree = "<group>"; };
		EE96945329F9851D00C09160 /* cat.jpeg */ = {isa = PBXFileReference; lastKnownFileType = image.jpeg; path = cat.jpeg; sourceTree = "<group>"; };
		EE96945529FA429F00C09160 /* CredentialsScanner.swift */ = {isa = PBXFileReference; lastKnownFileType = sourcecode.swift; path = CredentialsScanner.swift; sourceTree = "<group>"; };
/* End PBXFileReference section */

/* Begin PBXFrameworksBuildPhase section */
		EE96943429F963BB00C09160 /* Frameworks */ = {
			isa = PBXFrameworksBuildPhase;
			buildActionMask = 2147483647;
			files = (
				EE96945929FA433300C09160 /* CodeScanner in Frameworks */,
				EE96944A29F96D9400C09160 /* ComposableArchitecture in Frameworks */,
			);
			runOnlyForDeploymentPostprocessing = 0;
		};
/* End PBXFrameworksBuildPhase section */

/* Begin PBXGroup section */
		EE96942E29F963BB00C09160 = {
			isa = PBXGroup;
			children = (
				EE96943929F963BB00C09160 /* DepotBrowser */,
				EE96943829F963BB00C09160 /* Products */,
			);
			sourceTree = "<group>";
		};
		EE96943829F963BB00C09160 /* Products */ = {
			isa = PBXGroup;
			children = (
				EE96943729F963BB00C09160 /* DepotBrowser.app */,
			);
			name = Products;
			sourceTree = "<group>";
		};
		EE96943929F963BB00C09160 /* DepotBrowser */ = {
			isa = PBXGroup;
			children = (
				EE96945329F9851D00C09160 /* cat.jpeg */,
				EE96943A29F963BB00C09160 /* DepotBrowserApp.swift */,
				EE96944B29F96DB400C09160 /* DepotBrowser.swift */,
				EE96945529FA429F00C09160 /* CredentialsScanner.swift */,
				EE96944D29F97B6D00C09160 /* DepotClient.swift */,
				EE96943E29F963BC00C09160 /* Assets.xcassets */,
				EE96944029F963BC00C09160 /* Preview Content */,
			);
			path = DepotBrowser;
			sourceTree = "<group>";
		};
		EE96944029F963BC00C09160 /* Preview Content */ = {
			isa = PBXGroup;
			children = (
				EE96944129F963BC00C09160 /* Preview Assets.xcassets */,
			);
			path = "Preview Content";
			sourceTree = "<group>";
		};
/* End PBXGroup section */

/* Begin PBXNativeTarget section */
		EE96943629F963BB00C09160 /* DepotBrowser */ = {
			isa = PBXNativeTarget;
			buildConfigurationList = EE96944529F963BC00C09160 /* Build configuration list for PBXNativeTarget "DepotBrowser" */;
			buildPhases = (
				EE96943329F963BB00C09160 /* Sources */,
				EE96943429F963BB00C09160 /* Frameworks */,
				EE96943529F963BB00C09160 /* Resources */,
			);
			buildRules = (
			);
			dependencies = (
			);
			name = DepotBrowser;
			packageProductDependencies = (
				EE96944929F96D9400C09160 /* ComposableArchitecture */,
				EE96945829FA433300C09160 /* CodeScanner */,
			);
			productName = DepotBrowser;
			productReference = EE96943729F963BB00C09160 /* DepotBrowser.app */;
			productType = "com.apple.product-type.application";
		};
/* End PBXNativeTarget section */

/* Begin PBXProject section */
		EE96942F29F963BB00C09160 /* Project object */ = {
			isa = PBXProject;
			attributes = {
				BuildIndependentTargetsInParallel = 1;
				LastSwiftUpdateCheck = 1430;
				LastUpgradeCheck = 1520;
				TargetAttributes = {
					EE96943629F963BB00C09160 = {
						CreatedOnToolsVersion = 14.3;
					};
				};
			};
			buildConfigurationList = EE96943229F963BB00C09160 /* Build configuration list for PBXProject "DepotBrowser" */;
			compatibilityVersion = "Xcode 14.0";
			developmentRegion = en;
			hasScannedForEncodings = 0;
			knownRegions = (
				en,
				Base,
			);
			mainGroup = EE96942E29F963BB00C09160;
			packageReferences = (
				EE96944829F96D9400C09160 /* XCRemoteSwiftPackageReference "swift-composable-architecture" */,
				EE96945729FA433300C09160 /* XCRemoteSwiftPackageReference "CodeScanner" */,
			);
			productRefGroup = EE96943829F963BB00C09160 /* Products */;
			projectDirPath = "";
			projectRoot = "";
			targets = (
				EE96943629F963BB00C09160 /* DepotBrowser */,
			);
		};
/* End PBXProject section */

/* Begin PBXResourcesBuildPhase section */
		EE96943529F963BB00C09160 /* Resources */ = {
			isa = PBXResourcesBuildPhase;
			buildActionMask = 2147483647;
			files = (
				EE96944229F963BC00C09160 /* Preview Assets.xcassets in Resources */,
				EE96943F29F963BC00C09160 /* Assets.xcassets in Resources */,
				EE96945429F9851D00C09160 /* cat.jpeg in Resources */,
			);
			runOnlyForDeploymentPostprocessing = 0;
		};
/* End PBXResourcesBuildPhase section */

/* Begin PBXSourcesBuildPhase section */
		EE96943329F963BB00C09160 /* Sources */ = {
			isa = PBXSourcesBuildPhase;
			buildActionMask = 2147483647;
			files = (
				EE96944C29F96DB400C09160 /* DepotBrowser.swift in Sources */,
				EE96944E29F97B6D00C09160 /* DepotClient.swift in Sources */,
				EE96943B29F963BB00C09160 /* DepotBrowserApp.swift in Sources */,
				EE96945629FA429F00C09160 /* CredentialsScanner.swift in Sources */,
			);
			runOnlyForDeploymentPostprocessing = 0;
		};
/* End PBXSourcesBuildPhase section */

/* Begin XCBuildConfiguration section */
		EE96944329F963BC00C09160 /* Debug */ = {
			isa = XCBuildConfiguration;
			buildSettings = {
				ALWAYS_SEARCH_USER_PATHS = NO;
				ASSETCATALOG_COMPILER_GENERATE_SWIFT_ASSET_SYMBOL_EXTENSIONS = YES;
				CLANG_ANALYZER_NONNULL = YES;
				CLANG_ANALYZER_NUMBER_OBJECT_CONVERSION = YES_AGGRESSIVE;
				CLANG_CXX_LANGUAGE_STANDARD = "gnu++20";
				CLANG_ENABLE_MODULES = YES;
				CLANG_ENABLE_OBJC_ARC = YES;
				CLANG_ENABLE_OBJC_WEAK = YES;
				CLANG_WARN_BLOCK_CAPTURE_AUTORELEASING = YES;
				CLANG_WARN_BOOL_CONVERSION = YES;
				CLANG_WARN_COMMA = YES;
				CLANG_WARN_CONSTANT_CONVERSION = YES;
				CLANG_WARN_DEPRECATED_OBJC_IMPLEMENTATIONS = YES;
				CLANG_WARN_DIRECT_OBJC_ISA_USAGE = YES_ERROR;
				CLANG_WARN_DOCUMENTATION_COMMENTS = YES;
				CLANG_WARN_EMPTY_BODY = YES;
				CLANG_WARN_ENUM_CONVERSION = YES;
				CLANG_WARN_INFINITE_RECURSION = YES;
				CLANG_WARN_INT_CONVERSION = YES;
				CLANG_WARN_NON_LITERAL_NULL_CONVERSION = YES;
				CLANG_WARN_OBJC_IMPLICIT_RETAIN_SELF = YES;
				CLANG_WARN_OBJC_LITERAL_CONVERSION = YES;
				CLANG_WARN_OBJC_ROOT_CLASS = YES_ERROR;
				CLANG_WARN_QUOTED_INCLUDE_IN_FRAMEWORK_HEADER = YES;
				CLANG_WARN_RANGE_LOOP_ANALYSIS = YES;
				CLANG_WARN_STRICT_PROTOTYPES = YES;
				CLANG_WARN_SUSPICIOUS_MOVE = YES;
				CLANG_WARN_UNGUARDED_AVAILABILITY = YES_AGGRESSIVE;
				CLANG_WARN_UNREACHABLE_CODE = YES;
				CLANG_WARN__DUPLICATE_METHOD_MATCH = YES;
				COPY_PHASE_STRIP = NO;
				DEBUG_INFORMATION_FORMAT = dwarf;
				ENABLE_STRICT_OBJC_MSGSEND = YES;
				ENABLE_TESTABILITY = YES;
				ENABLE_USER_SCRIPT_SANDBOXING = YES;
				GCC_C_LANGUAGE_STANDARD = gnu11;
				GCC_DYNAMIC_NO_PIC = NO;
				GCC_NO_COMMON_BLOCKS = YES;
				GCC_OPTIMIZATION_LEVEL = 0;
				GCC_PREPROCESSOR_DEFINITIONS = (
					"DEBUG=1",
					"$(inherited)",
				);
				GCC_WARN_64_TO_32_BIT_CONVERSION = YES;
				GCC_WARN_ABOUT_RETURN_TYPE = YES_ERROR;
				GCC_WARN_UNDECLARED_SELECTOR = YES;
				GCC_WARN_UNINITIALIZED_AUTOS = YES_AGGRESSIVE;
				GCC_WARN_UNUSED_FUNCTION = YES;
				GCC_WARN_UNUSED_VARIABLE = YES;
				IPHONEOS_DEPLOYMENT_TARGET = 17.2;
				MTL_ENABLE_DEBUG_INFO = INCLUDE_SOURCE;
				MTL_FAST_MATH = YES;
				ONLY_ACTIVE_ARCH = YES;
				SDKROOT = iphoneos;
				SWIFT_ACTIVE_COMPILATION_CONDITIONS = DEBUG;
				SWIFT_OPTIMIZATION_LEVEL = "-Onone";
			};
			name = Debug;
		};
		EE96944429F963BC00C09160 /* Release */ = {
			isa = XCBuildConfiguration;
			buildSettings = {
				ALWAYS_SEARCH_USER_PATHS = NO;
				ASSETCATALOG_COMPILER_GENERATE_SWIFT_ASSET_SYMBOL_EXTENSIONS = YES;
				CLANG_ANALYZER_NONNULL = YES;
				CLANG_ANALYZER_NUMBER_OBJECT_CONVERSION = YES_AGGRESSIVE;
				CLANG_CXX_LANGUAGE_STANDARD = "gnu++20";
				CLANG_ENABLE_MODULES = YES;
				CLANG_ENABLE_OBJC_ARC = YES;
				CLANG_ENABLE_OBJC_WEAK = YES;
				CLANG_WARN_BLOCK_CAPTURE_AUTORELEASING = YES;
				CLANG_WARN_BOOL_CONVERSION = YES;
				CLANG_WARN_COMMA = YES;
				CLANG_WARN_CONSTANT_CONVERSION = YES;
				CLANG_WARN_DEPRECATED_OBJC_IMPLEMENTATIONS = YES;
				CLANG_WARN_DIRECT_OBJC_ISA_USAGE = YES_ERROR;
				CLANG_WARN_DOCUMENTATION_COMMENTS = YES;
				CLANG_WARN_EMPTY_BODY = YES;
				CLANG_WARN_ENUM_CONVERSION = YES;
				CLANG_WARN_INFINITE_RECURSION = YES;
				CLANG_WARN_INT_CONVERSION = YES;
				CLANG_WARN_NON_LITERAL_NULL_CONVERSION = YES;
				CLANG_WARN_OBJC_IMPLICIT_RETAIN_SELF = YES;
				CLANG_WARN_OBJC_LITERAL_CONVERSION = YES;
				CLANG_WARN_OBJC_ROOT_CLASS = YES_ERROR;
				CLANG_WARN_QUOTED_INCLUDE_IN_FRAMEWORK_HEADER = YES;
				CLANG_WARN_RANGE_LOOP_ANALYSIS = YES;
				CLANG_WARN_STRICT_PROTOTYPES = YES;
				CLANG_WARN_SUSPICIOUS_MOVE = YES;
				CLANG_WARN_UNGUARDED_AVAILABILITY = YES_AGGRESSIVE;
				CLANG_WARN_UNREACHABLE_CODE = YES;
				CLANG_WARN__DUPLICATE_METHOD_MATCH = YES;
				COPY_PHASE_STRIP = NO;
				DEBUG_INFORMATION_FORMAT = "dwarf-with-dsym";
				ENABLE_NS_ASSERTIONS = NO;
				ENABLE_STRICT_OBJC_MSGSEND = YES;
				ENABLE_USER_SCRIPT_SANDBOXING = YES;
				GCC_C_LANGUAGE_STANDARD = gnu11;
				GCC_NO_COMMON_BLOCKS = YES;
				GCC_WARN_64_TO_32_BIT_CONVERSION = YES;
				GCC_WARN_ABOUT_RETURN_TYPE = YES_ERROR;
				GCC_WARN_UNDECLARED_SELECTOR = YES;
				GCC_WARN_UNINITIALIZED_AUTOS = YES_AGGRESSIVE;
				GCC_WARN_UNUSED_FUNCTION = YES;
				GCC_WARN_UNUSED_VARIABLE = YES;
				IPHONEOS_DEPLOYMENT_TARGET = 17.2;
				MTL_ENABLE_DEBUG_INFO = NO;
				MTL_FAST_MATH = YES;
				SDKROOT = iphoneos;
				SWIFT_COMPILATION_MODE = wholemodule;
				SWIFT_OPTIMIZATION_LEVEL = "-O";
				VALIDATE_PRODUCT = YES;
			};
			name = Release;
		};
		EE96944629F963BC00C09160 /* Debug */ = {
			isa = XCBuildConfiguration;
			buildSettings = {
				ASSETCATALOG_COMPILER_APPICON_NAME = AppIcon;
				ASSETCATALOG_COMPILER_GLOBAL_ACCENT_COLOR_NAME = AccentColor;
				CODE_SIGN_STYLE = Automatic;
				CURRENT_PROJECT_VERSION = 1;
				DEVELOPMENT_ASSET_PATHS = "\"DepotBrowser/Preview Content\"";
				DEVELOPMENT_TEAM = WTQHZW3YL7;
				ENABLE_PREVIEWS = YES;
				GENERATE_INFOPLIST_FILE = YES;
				INFOPLIST_KEY_NSCameraUsageDescription = "QR Code Scanning";
				INFOPLIST_KEY_UIApplicationSceneManifest_Generation = YES;
				INFOPLIST_KEY_UIApplicationSupportsIndirectInputEvents = YES;
				INFOPLIST_KEY_UILaunchScreen_Generation = YES;
				INFOPLIST_KEY_UISupportedInterfaceOrientations_iPad = "UIInterfaceOrientationPortrait UIInterfaceOrientationPortraitUpsideDown UIInterfaceOrientationLandscapeLeft UIInterfaceOrientationLandscapeRight";
				INFOPLIST_KEY_UISupportedInterfaceOrientations_iPhone = "UIInterfaceOrientationPortrait UIInterfaceOrientationLandscapeLeft UIInterfaceOrientationLandscapeRight";
				IPHONEOS_DEPLOYMENT_TARGET = 17.2;
				LD_RUNPATH_SEARCH_PATHS = (
					"$(inherited)",
					"@executable_path/Frameworks",
				);
				MARKETING_VERSION = 0.0.1;
				PRODUCT_BUNDLE_IDENTIFIER = ch.unibas.medizin.DepotBrowser;
				PRODUCT_NAME = "$(TARGET_NAME)";
				SWIFT_EMIT_LOC_STRINGS = YES;
				SWIFT_VERSION = 5.0;
				TARGETED_DEVICE_FAMILY = "1,2";
			};
			name = Debug;
		};
		EE96944729F963BC00C09160 /* Release */ = {
			isa = XCBuildConfiguration;
			buildSettings = {
				ASSETCATALOG_COMPILER_APPICON_NAME = AppIcon;
				ASSETCATALOG_COMPILER_GLOBAL_ACCENT_COLOR_NAME = AccentColor;
				CODE_SIGN_STYLE = Automatic;
				CURRENT_PROJECT_VERSION = 1;
				DEVELOPMENT_ASSET_PATHS = "\"DepotBrowser/Preview Content\"";
				DEVELOPMENT_TEAM = WTQHZW3YL7;
				ENABLE_PREVIEWS = YES;
				GENERATE_INFOPLIST_FILE = YES;
				INFOPLIST_KEY_NSCameraUsageDescription = "QR Code Scanning";
				INFOPLIST_KEY_UIApplicationSceneManifest_Generation = YES;
				INFOPLIST_KEY_UIApplicationSupportsIndirectInputEvents = YES;
				INFOPLIST_KEY_UILaunchScreen_Generation = YES;
				INFOPLIST_KEY_UISupportedInterfaceOrientations_iPad = "UIInterfaceOrientationPortrait UIInterfaceOrientationPortraitUpsideDown UIInterfaceOrientationLandscapeLeft UIInterfaceOrientationLandscapeRight";
				INFOPLIST_KEY_UISupportedInterfaceOrientations_iPhone = "UIInterfaceOrientationPortrait UIInterfaceOrientationLandscapeLeft UIInterfaceOrientationLandscapeRight";
				IPHONEOS_DEPLOYMENT_TARGET = 17.2;
				LD_RUNPATH_SEARCH_PATHS = (
					"$(inherited)",
					"@executable_path/Frameworks",
				);
				MARKETING_VERSION = 0.0.1;
				PRODUCT_BUNDLE_IDENTIFIER = ch.unibas.medizin.DepotBrowser;
				PRODUCT_NAME = "$(TARGET_NAME)";
				SWIFT_EMIT_LOC_STRINGS = YES;
				SWIFT_VERSION = 5.0;
				TARGETED_DEVICE_FAMILY = "1,2";
			};
			name = Release;
		};
/* End XCBuildConfiguration section */

/* Begin XCConfigurationList section */
		EE96943229F963BB00C09160 /* Build configuration list for PBXProject "DepotBrowser" */ = {
			isa = XCConfigurationList;
			buildConfigurations = (
				EE96944329F963BC00C09160 /* Debug */,
				EE96944429F963BC00C09160 /* Release */,
			);
			defaultConfigurationIsVisible = 0;
			defaultConfigurationName = Release;
		};
		EE96944529F963BC00C09160 /* Build configuration list for PBXNativeTarget "DepotBrowser" */ = {
			isa = XCConfigurationList;
			buildConfigurations = (
				EE96944629F963BC00C09160 /* Debug */,
				EE96944729F963BC00C09160 /* Release */,
			);
			defaultConfigurationIsVisible = 0;
			defaultConfigurationName = Release;
		};
/* End XCConfigurationList section */

/* Begin XCRemoteSwiftPackageReference section */
		EE96944829F96D9400C09160 /* XCRemoteSwiftPackageReference "swift-composable-architecture" */ = {
			isa = XCRemoteSwiftPackageReference;
			repositoryURL = "https://github.com/pointfreeco/swift-composable-architecture.git";
			requirement = {
				kind = upToNextMajorVersion;
				minimumVersion = 1.0.0;
			};
		};
		EE96945729FA433300C09160 /* XCRemoteSwiftPackageReference "CodeScanner" */ = {
			isa = XCRemoteSwiftPackageReference;
			repositoryURL = "https://github.com/twostraws/CodeScanner";
			requirement = {
				kind = upToNextMajorVersion;
				minimumVersion = 2.0.0;
			};
		};
/* End XCRemoteSwiftPackageReference section */

/* Begin XCSwiftPackageProductDependency section */
		EE96944929F96D9400C09160 /* ComposableArchitecture */ = {
			isa = XCSwiftPackageProductDependency;
			package = EE96944829F96D9400C09160 /* XCRemoteSwiftPackageReference "swift-composable-architecture" */;
			productName = ComposableArchitecture;
		};
		EE96945829FA433300C09160 /* CodeScanner */ = {
			isa = XCSwiftPackageProductDependency;
			package = EE96945729FA433300C09160 /* XCRemoteSwiftPackageReference "CodeScanner" */;
			productName = CodeScanner;
		};
/* End XCSwiftPackageProductDependency section */
	};
	rootObject = EE96942F29F963BB00C09160 /* Project object */;
}
